
Microsoft Visual Studio Solution File, Format Version 12.00
# Visual Studio Version 16
VisualStudioVersion = 16.0.31005.135
MinimumVisualStudioVersion = 10.0.40219.1
Project("{FAE04EC0-301F-11D3-BF4B-00C04F79EFBC}") = "ASPNetMVCAppInterboden", "ASPNetMVCAppInterboden\ASPNetMVCAppInterboden.csproj", "{8847073D-FB88-4A5C-B112-F4D8B8507053}"
EndProject
Global
	GlobalSection(SolutionConfigurationPlatforms) = preSolution
		Debug|Any CPU = Debug|Any CPU
		Release|Any CPU = Release|Any CPU
	EndGlobalSection
	GlobalSection(ProjectConfigurationPlatforms) = postSolution
		{8847073D-FB88-4A5C-B112-F4D8B8507053}.Debug|Any CPU.ActiveCfg = Debug|Any CPU
		{8847073D-FB88-4A5C-B112-F4D8B8507053}.Debug|Any CPU.Build.0 = Debug|Any CPU
		{8847073D-FB88-4A5C-B112-F4D8B8507053}.Release|Any CPU.ActiveCfg = Release|Any CPU
		{8847073D-FB88-4A5C-B112-F4D8B8507053}.Release|Any CPU.Build.0 = Release|Any CPU
	EndGlobalSection
	GlobalSection(SolutionProperties) = preSolution
		HideSolutionNode = FALSE
	EndGlobalSection
	GlobalSection(ExtensibilityGlobals) = postSolution
		SolutionGuid = {3A1FECC9-FEB9-425D-B840-EA1F8564937C}
	EndGlobalSection
EndGlobal
